
Microsoft Visual Studio Solution File, Format Version 12.00
# Visual Studio Version 17
VisualStudioVersion = 17.8.34309.116
MinimumVisualStudioVersion = 10.0.40219.1
Project("{2150E333-8FDC-42A3-9474-1A3956D46DE8}") = "src", "src", "{B34AEA68-CFF3-4F23-A11D-23C7ECC825B3}"
EndProject
Project("{2150E333-8FDC-42A3-9474-1A3956D46DE8}") = "tests", "tests", "{1FA0F119-EE90-423D-BC84-592FA9FC7A6D}"
EndProject
Project("{9A19103F-16F7-4668-BE54-9A1E7A4F7556}") = "CoreConcerns.Caching.Tests", "tests\CoreConcerns.Caching.Tests\CoreConcerns.Caching.Tests.csproj", "{7E3EC9CD-31F3-49D6-8C35-65944A42D5DE}"
EndProject
Project("{9A19103F-16F7-4668-BE54-9A1E7A4F7556}") = "CoreConcerns.Example", "src\CoreConcerns.Example\CoreConcerns.Example.csproj", "{80351549-E580-403E-9CAC-80CCC40BD427}"
EndProject
Project("{9A19103F-16F7-4668-BE54-9A1E7A4F7556}") = "CoreConcerns.ExceptionHandling", "src\CoreConcerns.ExceptionHandling\CoreConcerns.ExceptionHandling.csproj", "{86AE48FE-69DF-4D5A-AA34-7FED53A1B614}"
EndProject
Project("{9A19103F-16F7-4668-BE54-9A1E7A4F7556}") = "CoreConcerns.Validation", "src\CoreConcerns.Validation\CoreConcerns.Validation.csproj", "{FB9CDFE2-1DC6-4DA7-8286-29064224A91D}"
EndProject
Project("{9A19103F-16F7-4668-BE54-9A1E7A4F7556}") = "CoreConcerns.Caching", "src\CoreConcerns.Caching\CoreConcerns.Caching.csproj", "{11819C94-644E-473B-B6E4-20F14FE5E375}"
EndProject
Global
	GlobalSection(SolutionConfigurationPlatforms) = preSolution
		Debug|Any CPU = Debug|Any CPU
		Release|Any CPU = Release|Any CPU
	EndGlobalSection
	GlobalSection(ProjectConfigurationPlatforms) = postSolution
		{7E3EC9CD-31F3-49D6-8C35-65944A42D5DE}.Debug|Any CPU.ActiveCfg = Debug|Any CPU
		{7E3EC9CD-31F3-49D6-8C35-65944A42D5DE}.Debug|Any CPU.Build.0 = Debug|Any CPU
		{7E3EC9CD-31F3-49D6-8C35-65944A42D5DE}.Release|Any CPU.ActiveCfg = Release|Any CPU
		{7E3EC9CD-31F3-49D6-8C35-65944A42D5DE}.Release|Any CPU.Build.0 = Release|Any CPU
		{80351549-E580-403E-9CAC-80CCC40BD427}.Debug|Any CPU.ActiveCfg = Debug|Any CPU
		{80351549-E580-403E-9CAC-80CCC40BD427}.Debug|Any CPU.Build.0 = Debug|Any CPU
		{80351549-E580-403E-9CAC-80CCC40BD427}.Release|Any CPU.ActiveCfg = Release|Any CPU
		{80351549-E580-403E-9CAC-80CCC40BD427}.Release|Any CPU.Build.0 = Release|Any CPU
		{86AE48FE-69DF-4D5A-AA34-7FED53A1B614}.Debug|Any CPU.ActiveCfg = Debug|Any CPU
		{86AE48FE-69DF-4D5A-AA34-7FED53A1B614}.Debug|Any CPU.Build.0 = Debug|Any CPU
		{86AE48FE-69DF-4D5A-AA34-7FED53A1B614}.Release|Any CPU.ActiveCfg = Release|Any CPU
		{86AE48FE-69DF-4D5A-AA34-7FED53A1B614}.Release|Any CPU.Build.0 = Release|Any CPU
		{FB9CDFE2-1DC6-4DA7-8286-29064224A91D}.Debug|Any CPU.ActiveCfg = Debug|Any CPU
		{FB9CDFE2-1DC6-4DA7-8286-29064224A91D}.Debug|Any CPU.Build.0 = Debug|Any CPU
		{FB9CDFE2-1DC6-4DA7-8286-29064224A91D}.Release|Any CPU.ActiveCfg = Release|Any CPU
		{FB9CDFE2-1DC6-4DA7-8286-29064224A91D}.Release|Any CPU.Build.0 = Release|Any CPU
		{11819C94-644E-473B-B6E4-20F14FE5E375}.Debug|Any CPU.ActiveCfg = Debug|Any CPU
		{11819C94-644E-473B-B6E4-20F14FE5E375}.Debug|Any CPU.Build.0 = Debug|Any CPU
		{11819C94-644E-473B-B6E4-20F14FE5E375}.Release|Any CPU.ActiveCfg = Release|Any CPU
		{11819C94-644E-473B-B6E4-20F14FE5E375}.Release|Any CPU.Build.0 = Release|Any CPU
	EndGlobalSection
	GlobalSection(SolutionProperties) = preSolution
		HideSolutionNode = FALSE
	EndGlobalSection
	GlobalSection(NestedProjects) = preSolution
		{7E3EC9CD-31F3-49D6-8C35-65944A42D5DE} = {1FA0F119-EE90-423D-BC84-592FA9FC7A6D}
		{80351549-E580-403E-9CAC-80CCC40BD427} = {B34AEA68-CFF3-4F23-A11D-23C7ECC825B3}
		{86AE48FE-69DF-4D5A-AA34-7FED53A1B614} = {B34AEA68-CFF3-4F23-A11D-23C7ECC825B3}
		{FB9CDFE2-1DC6-4DA7-8286-29064224A91D} = {B34AEA68-CFF3-4F23-A11D-23C7ECC825B3}
		{11819C94-644E-473B-B6E4-20F14FE5E375} = {B34AEA68-CFF3-4F23-A11D-23C7ECC825B3}
	EndGlobalSection
	GlobalSection(ExtensibilityGlobals) = postSolution
		SolutionGuid = {37F70782-9503-4BB8-B044-3F5FF670ED0A}
	EndGlobalSection
EndGlobal
